// !$*UTF8*$!
{
	archiveVersion = 1;
	classes = {
	};
	objectVersion = 46;
	objects = {

/* Begin PBXBuildFile section */
		00161E8A1BEA451B008F14EC /* String+Levenshtein.swift in Sources */ = {isa = PBXBuildFile; fileRef = F1F13E8F1B46997A00E00168 /* String+Levenshtein.swift */; };
		F1F13CFE1B44924900E00168 /* AppDelegate.swift in Sources */ = {isa = PBXBuildFile; fileRef = F1F13CFD1B44924900E00168 /* AppDelegate.swift */; };
		F1F13D001B44924900E00168 /* ViewController.swift in Sources */ = {isa = PBXBuildFile; fileRef = F1F13CFF1B44924900E00168 /* ViewController.swift */; };
		F1F13D031B44924900E00168 /* Main.storyboard in Resources */ = {isa = PBXBuildFile; fileRef = F1F13D011B44924900E00168 /* Main.storyboard */; };
		F1F13D051B44924900E00168 /* Images.xcassets in Resources */ = {isa = PBXBuildFile; fileRef = F1F13D041B44924900E00168 /* Images.xcassets */; };
		F1F13D081B44924900E00168 /* LaunchScreen.xib in Resources */ = {isa = PBXBuildFile; fileRef = F1F13D061B44924900E00168 /* LaunchScreen.xib */; };
		F1F13D141B44924900E00168 /* LevenshteinTests.swift in Sources */ = {isa = PBXBuildFile; fileRef = F1F13D131B44924900E00168 /* LevenshteinTests.swift */; };
		F1F13E901B46997A00E00168 /* String+Levenshtein.swift in Sources */ = {isa = PBXBuildFile; fileRef = F1F13E8F1B46997A00E00168 /* String+Levenshtein.swift */; };
/* End PBXBuildFile section */

/* Begin PBXContainerItemProxy section */
		F1F13D0E1B44924900E00168 /* PBXContainerItemProxy */ = {
			isa = PBXContainerItemProxy;
			containerPortal = F1F13CF01B44924900E00168 /* Project object */;
			proxyType = 1;
			remoteGlobalIDString = F1F13CF71B44924900E00168;
			remoteInfo = Levenshtein;
		};
/* End PBXContainerItemProxy section */

/* Begin PBXFileReference section */
		F1F13CF81B44924900E00168 /* Levenshtein.app */ = {isa = PBXFileReference; explicitFileType = wrapper.application; includeInIndex = 0; path = Levenshtein.app; sourceTree = BUILT_PRODUCTS_DIR; };
		F1F13CFC1B44924900E00168 /* Info.plist */ = {isa = PBXFileReference; lastKnownFileType = text.plist.xml; path = Info.plist; sourceTree = "<group>"; };
		F1F13CFD1B44924900E00168 /* AppDelegate.swift */ = {isa = PBXFileReference; lastKnownFileType = sourcecode.swift; path = AppDelegate.swift; sourceTree = "<group>"; };
		F1F13CFF1B44924900E00168 /* ViewController.swift */ = {isa = PBXFileReference; lastKnownFileType = sourcecode.swift; path = ViewController.swift; sourceTree = "<group>"; };
		F1F13D021B44924900E00168 /* Base */ = {isa = PBXFileReference; lastKnownFileType = file.storyboard; name = Base; path = Base.lproj/Main.storyboard; sourceTree = "<group>"; };
		F1F13D041B44924900E00168 /* Images.xcassets */ = {isa = PBXFileReference; lastKnownFileType = folder.assetcatalog; path = Images.xcassets; sourceTree = "<group>"; };
		F1F13D071B44924900E00168 /* Base */ = {isa = PBXFileReference; lastKnownFileType = file.xib; name = Base; path = Base.lproj/LaunchScreen.xib; sourceTree = "<group>"; };
		F1F13D0D1B44924900E00168 /* LevenshteinTests.xctest */ = {isa = PBXFileReference; explicitFileType = wrapper.cfbundle; includeInIndex = 0; path = LevenshteinTests.xctest; sourceTree = BUILT_PRODUCTS_DIR; };
		F1F13D121B44924900E00168 /* Info.plist */ = {isa = PBXFileReference; lastKnownFileType = text.plist.xml; path = Info.plist; sourceTree = "<group>"; };
		F1F13D131B44924900E00168 /* LevenshteinTests.swift */ = {isa = PBXFileReference; lastKnownFileType = sourcecode.swift; path = LevenshteinTests.swift; sourceTree = "<group>"; };
		F1F13E8F1B46997A00E00168 /* String+Levenshtein.swift */ = {isa = PBXFileReference; fileEncoding = 4; lastKnownFileType = sourcecode.swift; name = "String+Levenshtein.swift"; path = "../String+Levenshtein.swift"; sourceTree = "<group>"; };
/* End PBXFileReference section */

/* Begin PBXFrameworksBuildPhase section */
		F1F13CF51B44924900E00168 /* Frameworks */ = {
			isa = PBXFrameworksBuildPhase;
			buildActionMask = 2147483647;
			files = (
			);
			runOnlyForDeploymentPostprocessing = 0;
		};
		F1F13D0A1B44924900E00168 /* Frameworks */ = {
			isa = PBXFrameworksBuildPhase;
			buildActionMask = 2147483647;
			files = (
			);
			runOnlyForDeploymentPostprocessing = 0;
		};
/* End PBXFrameworksBuildPhase section */

/* Begin PBXGroup section */
		F1F13CEF1B44924900E00168 = {
			isa = PBXGroup;
			children = (
				F1F13E911B46997C00E00168 /* String+Levenshtein */,
				F1F13CFA1B44924900E00168 /* Levenshtein */,
				F1F13D101B44924900E00168 /* LevenshteinTests */,
				F1F13CF91B44924900E00168 /* Products */,
			);
			sourceTree = "<group>";
		};
		F1F13CF91B44924900E00168 /* Products */ = {
			isa = PBXGroup;
			children = (
				F1F13CF81B44924900E00168 /* Levenshtein.app */,
				F1F13D0D1B44924900E00168 /* LevenshteinTests.xctest */,
			);
			name = Products;
			sourceTree = "<group>";
		};
		F1F13CFA1B44924900E00168 /* Levenshtein */ = {
			isa = PBXGroup;
			children = (
				F1F13CFD1B44924900E00168 /* AppDelegate.swift */,
				F1F13CFF1B44924900E00168 /* ViewController.swift */,
				F1F13D011B44924900E00168 /* Main.storyboard */,
				F1F13D041B44924900E00168 /* Images.xcassets */,
				F1F13D061B44924900E00168 /* LaunchScreen.xib */,
				F1F13CFB1B44924900E00168 /* Supporting Files */,
			);
			path = Levenshtein;
			sourceTree = "<group>";
		};
		F1F13CFB1B44924900E00168 /* Supporting Files */ = {
			isa = PBXGroup;
			children = (
				F1F13CFC1B44924900E00168 /* Info.plist */,
			);
			name = "Supporting Files";
			sourceTree = "<group>";
		};
		F1F13D101B44924900E00168 /* LevenshteinTests */ = {
			isa = PBXGroup;
			children = (
				F1F13D131B44924900E00168 /* LevenshteinTests.swift */,
				F1F13D111B44924900E00168 /* Supporting Files */,
			);
			path = LevenshteinTests;
			sourceTree = "<group>";
		};
		F1F13D111B44924900E00168 /* Supporting Files */ = {
			isa = PBXGroup;
			children = (
				F1F13D121B44924900E00168 /* Info.plist */,
			);
			name = "Supporting Files";
			sourceTree = "<group>";
		};
		F1F13E911B46997C00E00168 /* String+Levenshtein */ = {
			isa = PBXGroup;
			children = (
				F1F13E8F1B46997A00E00168 /* String+Levenshtein.swift */,
			);
			name = "String+Levenshtein";
			sourceTree = "<group>";
		};
/* End PBXGroup section */

/* Begin PBXNativeTarget section */
		F1F13CF71B44924900E00168 /* Levenshtein */ = {
			isa = PBXNativeTarget;
			buildConfigurationList = F1F13D171B44924900E00168 /* Build configuration list for PBXNativeTarget "Levenshtein" */;
			buildPhases = (
				F1F13CF41B44924900E00168 /* Sources */,
				F1F13CF51B44924900E00168 /* Frameworks */,
				F1F13CF61B44924900E00168 /* Resources */,
			);
			buildRules = (
			);
			dependencies = (
			);
			name = Levenshtein;
			productName = Levenshtein;
			productReference = F1F13CF81B44924900E00168 /* Levenshtein.app */;
			productType = "com.apple.product-type.application";
		};
		F1F13D0C1B44924900E00168 /* LevenshteinTests */ = {
			isa = PBXNativeTarget;
			buildConfigurationList = F1F13D1A1B44924900E00168 /* Build configuration list for PBXNativeTarget "LevenshteinTests" */;
			buildPhases = (
				F1F13D091B44924900E00168 /* Sources */,
				F1F13D0A1B44924900E00168 /* Frameworks */,
				F1F13D0B1B44924900E00168 /* Resources */,
			);
			buildRules = (
			);
			dependencies = (
				F1F13D0F1B44924900E00168 /* PBXTargetDependency */,
			);
			name = LevenshteinTests;
			productName = LevenshteinTests;
			productReference = F1F13D0D1B44924900E00168 /* LevenshteinTests.xctest */;
			productType = "com.apple.product-type.bundle.unit-test";
		};
/* End PBXNativeTarget section */

/* Begin PBXProject section */
		F1F13CF01B44924900E00168 /* Project object */ = {
			isa = PBXProject;
			attributes = {
				LastSwiftMigration = 0710;
				LastSwiftUpdateCheck = 0710;
				LastUpgradeCheck = 0710;
				ORGANIZATIONNAME = "Cyril Chandelier";
				TargetAttributes = {
					F1F13CF71B44924900E00168 = {
						CreatedOnToolsVersion = 6.3.2;
					};
					F1F13D0C1B44924900E00168 = {
						CreatedOnToolsVersion = 6.3.2;
						TestTargetID = F1F13CF71B44924900E00168;
					};
				};
			};
			buildConfigurationList = F1F13CF31B44924900E00168 /* Build configuration list for PBXProject "Levenshtein" */;
			compatibilityVersion = "Xcode 3.2";
			developmentRegion = English;
			hasScannedForEncodings = 0;
			knownRegions = (
				en,
				Base,
			);
			mainGroup = F1F13CEF1B44924900E00168;
			productRefGroup = F1F13CF91B44924900E00168 /* Products */;
			projectDirPath = "";
			projectRoot = "";
			targets = (
				F1F13CF71B44924900E00168 /* Levenshtein */,
				F1F13D0C1B44924900E00168 /* LevenshteinTests */,
			);
		};
/* End PBXProject section */

/* Begin PBXResourcesBuildPhase section */
		F1F13CF61B44924900E00168 /* Resources */ = {
			isa = PBXResourcesBuildPhase;
			buildActionMask = 2147483647;
			files = (
				F1F13D031B44924900E00168 /* Main.storyboard in Resources */,
				F1F13D081B44924900E00168 /* LaunchScreen.xib in Resources */,
				F1F13D051B44924900E00168 /* Images.xcassets in Resources */,
			);
			runOnlyForDeploymentPostprocessing = 0;
		};
		F1F13D0B1B44924900E00168 /* Resources */ = {
			isa = PBXResourcesBuildPhase;
			buildActionMask = 2147483647;
			files = (
			);
			runOnlyForDeploymentPostprocessing = 0;
		};
/* End PBXResourcesBuildPhase section */

/* Begin PBXSourcesBuildPhase section */
		F1F13CF41B44924900E00168 /* Sources */ = {
			isa = PBXSourcesBuildPhase;
			buildActionMask = 2147483647;
			files = (
				F1F13E901B46997A00E00168 /* String+Levenshtein.swift in Sources */,
				F1F13D001B44924900E00168 /* ViewController.swift in Sources */,
				F1F13CFE1B44924900E00168 /* AppDelegate.swift in Sources */,
			);
			runOnlyForDeploymentPostprocessing = 0;
		};
		F1F13D091B44924900E00168 /* Sources */ = {
			isa = PBXSourcesBuildPhase;
			buildActionMask = 2147483647;
			files = (
				00161E8A1BEA451B008F14EC /* String+Levenshtein.swift in Sources */,
				F1F13D141B44924900E00168 /* LevenshteinTests.swift in Sources */,
			);
			runOnlyForDeploymentPostprocessing = 0;
		};
/* End PBXSourcesBuildPhase section */

/* Begin PBXTargetDependency section */
		F1F13D0F1B44924900E00168 /* PBXTargetDependency */ = {
			isa = PBXTargetDependency;
			target = F1F13CF71B44924900E00168 /* Levenshtein */;
			targetProxy = F1F13D0E1B44924900E00168 /* PBXContainerItemProxy */;
		};
/* End PBXTargetDependency section */

/* Begin PBXVariantGroup section */
		F1F13D011B44924900E00168 /* Main.storyboard */ = {
			isa = PBXVariantGroup;
			children = (
				F1F13D021B44924900E00168 /* Base */,
			);
			name = Main.storyboard;
			sourceTree = "<group>";
		};
		F1F13D061B44924900E00168 /* LaunchScreen.xib */ = {
			isa = PBXVariantGroup;
			children = (
				F1F13D071B44924900E00168 /* Base */,
			);
			name = LaunchScreen.xib;
			sourceTree = "<group>";
		};
/* End PBXVariantGroup section */

/* Begin XCBuildConfiguration section */
		F1F13D151B44924900E00168 /* Debug */ = {
			isa = XCBuildConfiguration;
			buildSettings = {
				ALWAYS_SEARCH_USER_PATHS = NO;
				CLANG_CXX_LANGUAGE_STANDARD = "gnu++0x";
				CLANG_CXX_LIBRARY = "libc++";
				CLANG_ENABLE_MODULES = YES;
				CLANG_ENABLE_OBJC_ARC = YES;
				CLANG_WARN_BOOL_CONVERSION = YES;
				CLANG_WARN_CONSTANT_CONVERSION = YES;
				CLANG_WARN_DIRECT_OBJC_ISA_USAGE = YES_ERROR;
				CLANG_WARN_EMPTY_BODY = YES;
				CLANG_WARN_ENUM_CONVERSION = YES;
				CLANG_WARN_INT_CONVERSION = YES;
				CLANG_WARN_OBJC_ROOT_CLASS = YES_ERROR;
				CLANG_WARN_UNREACHABLE_CODE = YES;
				CLANG_WARN__DUPLICATE_METHOD_MATCH = YES;
				"CODE_SIGN_IDENTITY[sdk=iphoneos*]" = "iPhone Developer";
				COPY_PHASE_STRIP = NO;
				DEBUG_INFORMATION_FORMAT = "dwarf-with-dsym";
				ENABLE_STRICT_OBJC_MSGSEND = YES;
				ENABLE_TESTABILITY = YES;
				GCC_C_LANGUAGE_STANDARD = gnu99;
				GCC_DYNAMIC_NO_PIC = NO;
				GCC_NO_COMMON_BLOCKS = YES;
				GCC_OPTIMIZATION_LEVEL = 0;
				GCC_PREPROCESSOR_DEFINITIONS = (
					"DEBUG=1",
					"$(inherited)",
				);
				GCC_SYMBOLS_PRIVATE_EXTERN = NO;
				GCC_WARN_64_TO_32_BIT_CONVERSION = YES;
				GCC_WARN_ABOUT_RETURN_TYPE = YES_ERROR;
				GCC_WARN_UNDECLARED_SELECTOR = YES;
				GCC_WARN_UNINITIALIZED_AUTOS = YES_AGGRESSIVE;
				GCC_WARN_UNUSED_FUNCTION = YES;
				GCC_WARN_UNUSED_VARIABLE = YES;
				IPHONEOS_DEPLOYMENT_TARGET = 8.0;
				MTL_ENABLE_DEBUG_INFO = YES;
				ONLY_ACTIVE_ARCH = YES;
				SDKROOT = iphoneos;
				SWIFT_OPTIMIZATION_LEVEL = "-Onone";
			};
			name = Debug;
		};
		F1F13D161B44924900E00168 /* Release */ = {
			isa = XCBuildConfiguration;
			buildSettings = {
				ALWAYS_SEARCH_USER_PATHS = NO;
				CLANG_CXX_LANGUAGE_STANDARD = "gnu++0x";
				CLANG_CXX_LIBRARY = "libc++";
				CLANG_ENABLE_MODULES = YES;
				CLANG_ENABLE_OBJC_ARC = YES;
				CLANG_WARN_BOOL_CONVERSION = YES;
				CLANG_WARN_CONSTANT_CONVERSION = YES;
				CLANG_WARN_DIRECT_OBJC_ISA_USAGE = YES_ERROR;
				CLANG_WARN_EMPTY_BODY = YES;
				CLANG_WARN_ENUM_CONVERSION = YES;
				CLANG_WARN_INT_CONVERSION = YES;
				CLANG_WARN_OBJC_ROOT_CLASS = YES_ERROR;
				CLANG_WARN_UNREACHABLE_CODE = YES;
				CLANG_WARN__DUPLICATE_METHOD_MATCH = YES;
				"CODE_SIGN_IDENTITY[sdk=iphoneos*]" = "iPhone Developer";
				COPY_PHASE_STRIP = NO;
				DEBUG_INFORMATION_FORMAT = "dwarf-with-dsym";
				ENABLE_NS_ASSERTIONS = NO;
				ENABLE_STRICT_OBJC_MSGSEND = YES;
				GCC_C_LANGUAGE_STANDARD = gnu99;
				GCC_NO_COMMON_BLOCKS = YES;
				GCC_WARN_64_TO_32_BIT_CONVERSION = YES;
				GCC_WARN_ABOUT_RETURN_TYPE = YES_ERROR;
				GCC_WARN_UNDECLARED_SELECTOR = YES;
				GCC_WARN_UNINITIALIZED_AUTOS = YES_AGGRESSIVE;
				GCC_WARN_UNUSED_FUNCTION = YES;
				GCC_WARN_UNUSED_VARIABLE = YES;
				IPHONEOS_DEPLOYMENT_TARGET = 8.0;
				MTL_ENABLE_DEBUG_INFO = NO;
				SDKROOT = iphoneos;
				VALIDATE_PRODUCT = YES;
			};
			name = Release;
		};
		F1F13D181B44924900E00168 /* Debug */ = {
			isa = XCBuildConfiguration;
			buildSettings = {
				ASSETCATALOG_COMPILER_APPICON_NAME = AppIcon;
				INFOPLIST_FILE = Levenshtein/Info.plist;
				LD_RUNPATH_SEARCH_PATHS = "$(inherited) @executable_path/Frameworks";
				PRODUCT_BUNDLE_IDENTIFIER = "com.cyrilchandelier.$(PRODUCT_NAME:rfc1034identifier)";
				PRODUCT_NAME = "$(TARGET_NAME)";
			};
			name = Debug;
		};
		F1F13D191B44924900E00168 /* Release */ = {
			isa = XCBuildConfiguration;
			buildSettings = {
				ASSETCATALOG_COMPILER_APPICON_NAME = AppIcon;
				INFOPLIST_FILE = Levenshtein/Info.plist;
				LD_RUNPATH_SEARCH_PATHS = "$(inherited) @executable_path/Frameworks";
				PRODUCT_BUNDLE_IDENTIFIER = "com.cyrilchandelier.$(PRODUCT_NAME:rfc1034identifier)";
				PRODUCT_NAME = "$(TARGET_NAME)";
			};
			name = Release;
		};
		F1F13D1B1B44924900E00168 /* Debug */ = {
			isa = XCBuildConfiguration;
			buildSettings = {
				BUNDLE_LOADER = "$(TEST_HOST)";
				FRAMEWORK_SEARCH_PATHS = (
					"$(SDKROOT)/Developer/Library/Frameworks",
					"$(inherited)",
				);
				GCC_PREPROCESSOR_DEFINITIONS = (
					"DEBUG=1",
					"$(inherited)",
				);
				INFOPLIST_FILE = LevenshteinTests/Info.plist;
				LD_RUNPATH_SEARCH_PATHS = "$(inherited) @executable_path/Frameworks @loader_path/Frameworks";
				PRODUCT_BUNDLE_IDENTIFIER = "com.cyrilchandelier.$(PRODUCT_NAME:rfc1034identifier)";
				PRODUCT_NAME = "$(TARGET_NAME)";
				TEST_HOST = "$(BUILT_PRODUCTS_DIR)/Levenshtein.app/Levenshtein";
			};
			name = Debug;
		};
		F1F13D1C1B44924900E00168 /* Release */ = {
			isa = XCBuildConfiguration;
			buildSettings = {
				BUNDLE_LOADER = "$(TEST_HOST)";
				FRAMEWORK_SEARCH_PATHS = (
					"$(SDKROOT)/Developer/Library/Frameworks",
					"$(inherited)",
				);
				INFOPLIST_FILE = LevenshteinTests/Info.plist;
				LD_RUNPATH_SEARCH_PATHS = "$(inherited) @executable_path/Frameworks @loader_path/Frameworks";
				PRODUCT_BUNDLE_IDENTIFIER = "com.cyrilchandelier.$(PRODUCT_NAME:rfc1034identifier)";
				PRODUCT_NAME = "$(TARGET_NAME)";
				TEST_HOST = "$(BUILT_PRODUCTS_DIR)/Levenshtein.app/Levenshtein";
			};
			name = Release;
		};
/* End XCBuildConfiguration section */

/* Begin XCConfigurationList section */
		F1F13CF31B44924900E00168 /* Build configuration list for PBXProject "Levenshtein" */ = {
			isa = XCConfigurationList;
			buildConfigurations = (
				F1F13D151B44924900E00168 /* Debug */,
				F1F13D161B44924900E00168 /* Release */,
			);
			defaultConfigurationIsVisible = 0;
			defaultConfigurationName = Release;
		};
		F1F13D171B44924900E00168 /* Build configuration list for PBXNativeTarget "Levenshtein" */ = {
			isa = XCConfigurationList;
			buildConfigurations = (
				F1F13D181B44924900E00168 /* Debug */,
				F1F13D191B44924900E00168 /* Release */,
			);
			defaultConfigurationIsVisible = 0;
			defaultConfigurationName = Release;
		};
		F1F13D1A1B44924900E00168 /* Build configuration list for PBXNativeTarget "LevenshteinTests" */ = {
			isa = XCConfigurationList;
			buildConfigurations = (
				F1F13D1B1B44924900E00168 /* Debug */,
				F1F13D1C1B44924900E00168 /* Release */,
			);
			defaultConfigurationIsVisible = 0;
			defaultConfigurationName = Release;
		};
/* End XCConfigurationList section */
	};
	rootObject = F1F13CF01B44924900E00168 /* Project object */;
}
